
Microsoft Visual Studio Solution File, Format Version 12.00
# Visual Studio 15
VisualStudioVersion = 15.0.27703.2035
MinimumVisualStudioVersion = 10.0.40219.1
Project("{FAE04EC0-301F-11D3-BF4B-00C04F79EFBC}") = "App01_ControleXF.Android", "App01_ControleXF\App01_ControleXF.Android\App01_ControleXF.Android.csproj", "{A3170229-6864-4A67-B90B-164768F58885}"
EndProject
Project("{FAE04EC0-301F-11D3-BF4B-00C04F79EFBC}") = "App01_ControleXF.iOS", "App01_ControleXF\App01_ControleXF.iOS\App01_ControleXF.iOS.csproj", "{AD40AF69-3BA8-47F2-9C43-77FEFE816396}"
EndProject
Project("{FAE04EC0-301F-11D3-BF4B-00C04F79EFBC}") = "App01_ControleXF.UWP", "App01_ControleXF\App01_ControleXF.UWP\App01_ControleXF.UWP.csproj", "{3299D439-AAB6-4EB2-89B7-84670786C31A}"
EndProject
Project("{FAE04EC0-301F-11D3-BF4B-00C04F79EFBC}") = "App01_ControleXF", "App01_ControleXF\App01_ControleXF\App01_ControleXF.csproj", "{79855E49-3126-4FF0-9E21-93F63F1FFF5E}"
EndProject
Global
	GlobalSection(SolutionConfigurationPlatforms) = preSolution
		Ad-Hoc|Any CPU = Ad-Hoc|Any CPU
		Ad-Hoc|ARM = Ad-Hoc|ARM
		Ad-Hoc|iPhone = Ad-Hoc|iPhone
		Ad-Hoc|iPhoneSimulator = Ad-Hoc|iPhoneSimulator
		Ad-Hoc|x64 = Ad-Hoc|x64
		Ad-Hoc|x86 = Ad-Hoc|x86
		AppStore|Any CPU = AppStore|Any CPU
		AppStore|ARM = AppStore|ARM
		AppStore|iPhone = AppStore|iPhone
		AppStore|iPhoneSimulator = AppStore|iPhoneSimulator
		AppStore|x64 = AppStore|x64
		AppStore|x86 = AppStore|x86
		Debug|Any CPU = Debug|Any CPU
		Debug|ARM = Debug|ARM
		Debug|iPhone = Debug|iPhone
		Debug|iPhoneSimulator = Debug|iPhoneSimulator
		Debug|x64 = Debug|x64
		Debug|x86 = Debug|x86
		Release|Any CPU = Release|Any CPU
		Release|ARM = Release|ARM
		Release|iPhone = Release|iPhone
		Release|iPhoneSimulator = Release|iPhoneSimulator
		Release|x64 = Release|x64
		Release|x86 = Release|x86
	EndGlobalSection
	GlobalSection(ProjectConfigurationPlatforms) = postSolution
		{A3170229-6864-4A67-B90B-164768F58885}.Ad-Hoc|Any CPU.ActiveCfg = Release|Any CPU
		{A3170229-6864-4A67-B90B-164768F58885}.Ad-Hoc|Any CPU.Build.0 = Release|Any CPU
		{A3170229-6864-4A67-B90B-164768F58885}.Ad-Hoc|Any CPU.Deploy.0 = Release|Any CPU
		{A3170229-6864-4A67-B90B-164768F58885}.Ad-Hoc|ARM.ActiveCfg = Release|Any CPU
		{A3170229-6864-4A67-B90B-164768F58885}.Ad-Hoc|ARM.Build.0 = Release|Any CPU
		{A3170229-6864-4A67-B90B-164768F58885}.Ad-Hoc|ARM.Deploy.0 = Release|Any CPU
		{A3170229-6864-4A67-B90B-164768F58885}.Ad-Hoc|iPhone.ActiveCfg = Release|Any CPU
		{A3170229-6864-4A67-B90B-164768F58885}.Ad-Hoc|iPhone.Build.0 = Release|Any CPU
		{A3170229-6864-4A67-B90B-164768F58885}.Ad-Hoc|iPhone.Deploy.0 = Release|Any CPU
		{A3170229-6864-4A67-B90B-164768F58885}.Ad-Hoc|iPhoneSimulator.ActiveCfg = Release|Any CPU
		{A3170229-6864-4A67-B90B-164768F58885}.Ad-Hoc|iPhoneSimulator.Build.0 = Release|Any CPU
		{A3170229-6864-4A67-B90B-164768F58885}.Ad-Hoc|iPhoneSimulator.Deploy.0 = Release|Any CPU
		{A3170229-6864-4A67-B90B-164768F58885}.Ad-Hoc|x64.ActiveCfg = Release|Any CPU
		{A3170229-6864-4A67-B90B-164768F58885}.Ad-Hoc|x64.Build.0 = Release|Any CPU
		{A3170229-6864-4A67-B90B-164768F58885}.Ad-Hoc|x64.Deploy.0 = Release|Any CPU
		{A3170229-6864-4A67-B90B-164768F58885}.Ad-Hoc|x86.ActiveCfg = Release|Any CPU
		{A3170229-6864-4A67-B90B-164768F58885}.Ad-Hoc|x86.Build.0 = Release|Any CPU
		{A3170229-6864-4A67-B90B-164768F58885}.Ad-Hoc|x86.Deploy.0 = Release|Any CPU
		{A3170229-6864-4A67-B90B-164768F58885}.AppStore|Any CPU.ActiveCfg = Release|Any CPU
		{A3170229-6864-4A67-B90B-164768F58885}.AppStore|Any CPU.Build.0 = Release|Any CPU
		{A3170229-6864-4A67-B90B-164768F58885}.AppStore|Any CPU.Deploy.0 = Release|Any CPU
		{A3170229-6864-4A67-B90B-164768F58885}.AppStore|ARM.ActiveCfg = Release|Any CPU
		{A3170229-6864-4A67-B90B-164768F58885}.AppStore|ARM.Build.0 = Release|Any CPU
		{A3170229-6864-4A67-B90B-164768F58885}.AppStore|ARM.Deploy.0 = Release|Any CPU
		{A3170229-6864-4A67-B90B-164768F58885}.AppStore|iPhone.ActiveCfg = Release|Any CPU
		{A3170229-6864-4A67-B90B-164768F58885}.AppStore|iPhone.Build.0 = Release|Any CPU
		{A3170229-6864-4A67-B90B-164768F58885}.AppStore|iPhone.Deploy.0 = Release|Any CPU
		{A3170229-6864-4A67-B90B-164768F58885}.AppStore|iPhoneSimulator.ActiveCfg = Release|Any CPU
		{A3170229-6864-4A67-B90B-164768F58885}.AppStore|iPhoneSimulator.Build.0 = Release|Any CPU
		{A3170229-6864-4A67-B90B-164768F58885}.AppStore|iPhoneSimulator.Deploy.0 = Release|Any CPU
		{A3170229-6864-4A67-B90B-164768F58885}.AppStore|x64.ActiveCfg = Release|Any CPU
		{A3170229-6864-4A67-B90B-164768F58885}.AppStore|x64.Build.0 = Release|Any CPU
		{A3170229-6864-4A67-B90B-164768F58885}.AppStore|x64.Deploy.0 = Release|Any CPU
		{A3170229-6864-4A67-B90B-164768F58885}.AppStore|x86.ActiveCfg = Release|Any CPU
		{A3170229-6864-4A67-B90B-164768F58885}.AppStore|x86.Build.0 = Release|Any CPU
		{A3170229-6864-4A67-B90B-164768F58885}.AppStore|x86.Deploy.0 = Release|Any CPU
		{A3170229-6864-4A67-B90B-164768F58885}.Debug|Any CPU.ActiveCfg = Debug|Any CPU
		{A3170229-6864-4A67-B90B-164768F58885}.Debug|Any CPU.Build.0 = Debug|Any CPU
		{A3170229-6864-4A67-B90B-164768F58885}.Debug|Any CPU.Deploy.0 = Debug|Any CPU
		{A3170229-6864-4A67-B90B-164768F58885}.Debug|ARM.ActiveCfg = Debug|Any CPU
		{A3170229-6864-4A67-B90B-164768F58885}.Debug|ARM.Build.0 = Debug|Any CPU
		{A3170229-6864-4A67-B90B-164768F58885}.Debug|ARM.Deploy.0 = Debug|Any CPU
		{A3170229-6864-4A67-B90B-164768F58885}.Debug|iPhone.ActiveCfg = Debug|Any CPU
		{A3170229-6864-4A67-B90B-164768F58885}.Debug|iPhone.Build.0 = Debug|Any CPU
		{A3170229-6864-4A67-B90B-164768F58885}.Debug|iPhone.Deploy.0 = Debug|Any CPU
		{A3170229-6864-4A67-B90B-164768F58885}.Debug|iPhoneSimulator.ActiveCfg = Debug|Any CPU
		{A3170229-6864-4A67-B90B-164768F58885}.Debug|iPhoneSimulator.Build.0 = Debug|Any CPU
		{A3170229-6864-4A67-B90B-164768F58885}.Debug|iPhoneSimulator.Deploy.0 = Debug|Any CPU
		{A3170229-6864-4A67-B90B-164768F58885}.Debug|x64.ActiveCfg = Debug|Any CPU
		{A3170229-6864-4A67-B90B-164768F58885}.Debug|x64.Build.0 = Debug|Any CPU
		{A3170229-6864-4A67-B90B-164768F58885}.Debug|x64.Deploy.0 = Debug|Any CPU
		{A3170229-6864-4A67-B90B-164768F58885}.Debug|x86.ActiveCfg = Debug|Any CPU
		{A3170229-6864-4A67-B90B-164768F58885}.Debug|x86.Build.0 = Debug|Any CPU
		{A3170229-6864-4A67-B90B-164768F58885}.Debug|x86.Deploy.0 = Debug|Any CPU
		{A3170229-6864-4A67-B90B-164768F58885}.Release|Any CPU.ActiveCfg = Release|Any CPU
		{A3170229-6864-4A67-B90B-164768F58885}.Release|Any CPU.Build.0 = Release|Any CPU
		{A3170229-6864-4A67-B90B-164768F58885}.Release|Any CPU.Deploy.0 = Release|Any CPU
		{A3170229-6864-4A67-B90B-164768F58885}.Release|ARM.ActiveCfg = Release|Any CPU
		{A3170229-6864-4A67-B90B-164768F58885}.Release|ARM.Build.0 = Release|Any CPU
		{A3170229-6864-4A67-B90B-164768F58885}.Release|ARM.Deploy.0 = Release|Any CPU
		{A3170229-6864-4A67-B90B-164768F58885}.Release|iPhone.ActiveCfg = Release|Any CPU
		{A3170229-6864-4A67-B90B-164768F58885}.Release|iPhone.Build.0 = Release|Any CPU
		{A3170229-6864-4A67-B90B-164768F58885}.Release|iPhone.Deploy.0 = Release|Any CPU
		{A3170229-6864-4A67-B90B-164768F58885}.Release|iPhoneSimulator.ActiveCfg = Release|Any CPU
		{A3170229-6864-4A67-B90B-164768F58885}.Release|iPhoneSimulator.Build.0 = Release|Any CPU
		{A3170229-6864-4A67-B90B-164768F58885}.Release|iPhoneSimulator.Deploy.0 = Release|Any CPU
		{A3170229-6864-4A67-B90B-164768F58885}.Release|x64.ActiveCfg = Release|Any CPU
		{A3170229-6864-4A67-B90B-164768F58885}.Release|x64.Build.0 = Release|Any CPU
		{A3170229-6864-4A67-B90B-164768F58885}.Release|x64.Deploy.0 = Release|Any CPU
		{A3170229-6864-4A67-B90B-164768F58885}.Release|x86.ActiveCfg = Release|Any CPU
		{A3170229-6864-4A67-B90B-164768F58885}.Release|x86.Build.0 = Release|Any CPU
		{A3170229-6864-4A67-B90B-164768F58885}.Release|x86.Deploy.0 = Release|Any CPU
		{AD40AF69-3BA8-47F2-9C43-77FEFE816396}.Ad-Hoc|Any CPU.ActiveCfg = Ad-Hoc|iPhone
		{AD40AF69-3BA8-47F2-9C43-77FEFE816396}.Ad-Hoc|Any CPU.Build.0 = Ad-Hoc|iPhone
		{AD40AF69-3BA8-47F2-9C43-77FEFE816396}.Ad-Hoc|Any CPU.Deploy.0 = Ad-Hoc|iPhone
		{AD40AF69-3BA8-47F2-9C43-77FEFE816396}.Ad-Hoc|ARM.ActiveCfg = Ad-Hoc|iPhone
		{AD40AF69-3BA8-47F2-9C43-77FEFE816396}.Ad-Hoc|ARM.Build.0 = Ad-Hoc|iPhone
		{AD40AF69-3BA8-47F2-9C43-77FEFE816396}.Ad-Hoc|ARM.Deploy.0 = Ad-Hoc|iPhone
		{AD40AF69-3BA8-47F2-9C43-77FEFE816396}.Ad-Hoc|iPhone.ActiveCfg = Ad-Hoc|iPhone
		{AD40AF69-3BA8-47F2-9C43-77FEFE816396}.Ad-Hoc|iPhone.Build.0 = Ad-Hoc|iPhone
		{AD40AF69-3BA8-47F2-9C43-77FEFE816396}.Ad-Hoc|iPhone.Deploy.0 = Ad-Hoc|iPhone
		{AD40AF69-3BA8-47F2-9C43-77FEFE816396}.Ad-Hoc|iPhoneSimulator.ActiveCfg = Ad-Hoc|iPhoneSimulator
		{AD40AF69-3BA8-47F2-9C43-77FEFE816396}.Ad-Hoc|iPhoneSimulator.Build.0 = Ad-Hoc|iPhoneSimulator
		{AD40AF69-3BA8-47F2-9C43-77FEFE816396}.Ad-Hoc|iPhoneSimulator.Deploy.0 = Ad-Hoc|iPhoneSimulator
		{AD40AF69-3BA8-47F2-9C43-77FEFE816396}.Ad-Hoc|x64.ActiveCfg = Ad-Hoc|iPhone
		{AD40AF69-3BA8-47F2-9C43-77FEFE816396}.Ad-Hoc|x64.Build.0 = Ad-Hoc|iPhone
		{AD40AF69-3BA8-47F2-9C43-77FEFE816396}.Ad-Hoc|x64.Deploy.0 = Ad-Hoc|iPhone
		{AD40AF69-3BA8-47F2-9C43-77FEFE816396}.Ad-Hoc|x86.ActiveCfg = Ad-Hoc|iPhone
		{AD40AF69-3BA8-47F2-9C43-77FEFE816396}.Ad-Hoc|x86.Build.0 = Ad-Hoc|iPhone
		{AD40AF69-3BA8-47F2-9C43-77FEFE816396}.Ad-Hoc|x86.Deploy.0 = Ad-Hoc|iPhone
		{AD40AF69-3BA8-47F2-9C43-77FEFE816396}.AppStore|Any CPU.ActiveCfg = AppStore|iPhone
		{AD40AF69-3BA8-47F2-9C43-77FEFE816396}.AppStore|Any CPU.Build.0 = AppStore|iPhone
		{AD40AF69-3BA8-47F2-9C43-77FEFE816396}.AppStore|Any CPU.Deploy.0 = AppStore|iPhone
		{AD40AF69-3BA8-47F2-9C43-77FEFE816396}.AppStore|ARM.ActiveCfg = AppStore|iPhone
		{AD40AF69-3BA8-47F2-9C43-77FEFE816396}.AppStore|ARM.Build.0 = AppStore|iPhone
		{AD40AF69-3BA8-47F2-9C43-77FEFE816396}.AppStore|ARM.Deploy.0 = AppStore|iPhone
		{AD40AF69-3BA8-47F2-9C43-77FEFE816396}.AppStore|iPhone.ActiveCfg = AppStore|iPhone
		{AD40AF69-3BA8-47F2-9C43-77FEFE816396}.AppStore|iPhone.Build.0 = AppStore|iPhone
		{AD40AF69-3BA8-47F2-9C43-77FEFE816396}.AppStore|iPhone.Deploy.0 = AppStore|iPhone
		{AD40AF69-3BA8-47F2-9C43-77FEFE816396}.AppStore|iPhoneSimulator.ActiveCfg = AppStore|iPhoneSimulator
		{AD40AF69-3BA8-47F2-9C43-77FEFE816396}.AppStore|iPhoneSimulator.Build.0 = AppStore|iPhoneSimulator
		{AD40AF69-3BA8-47F2-9C43-77FEFE816396}.AppStore|iPhoneSimulator.Deploy.0 = AppStore|iPhoneSimulator
		{AD40AF69-3BA8-47F2-9C43-77FEFE816396}.AppStore|x64.ActiveCfg = AppStore|iPhone
		{AD40AF69-3BA8-47F2-9C43-77FEFE816396}.AppStore|x64.Build.0 = AppStore|iPhone
		{AD40AF69-3BA8-47F2-9C43-77FEFE816396}.AppStore|x64.Deploy.0 = AppStore|iPhone
		{AD40AF69-3BA8-47F2-9C43-77FEFE816396}.AppStore|x86.ActiveCfg = AppStore|iPhone
		{AD40AF69-3BA8-47F2-9C43-77FEFE816396}.AppStore|x86.Build.0 = AppStore|iPhone
		{AD40AF69-3BA8-47F2-9C43-77FEFE816396}.AppStore|x86.Deploy.0 = AppStore|iPhone
		{AD40AF69-3BA8-47F2-9C43-77FEFE816396}.Debug|Any CPU.ActiveCfg = Debug|iPhoneSimulator
		{AD40AF69-3BA8-47F2-9C43-77FEFE816396}.Debug|Any CPU.Build.0 = Debug|iPhoneSimulator
		{AD40AF69-3BA8-47F2-9C43-77FEFE816396}.Debug|Any CPU.Deploy.0 = Debug|iPhoneSimulator
		{AD40AF69-3BA8-47F2-9C43-77FEFE816396}.Debug|ARM.ActiveCfg = Debug|iPhone
		{AD40AF69-3BA8-47F2-9C43-77FEFE816396}.Debug|ARM.Build.0 = Debug|iPhone
		{AD40AF69-3BA8-47F2-9C43-77FEFE816396}.Debug|ARM.Deploy.0 = Debug|iPhone
		{AD40AF69-3BA8-47F2-9C43-77FEFE816396}.Debug|iPhone.ActiveCfg = Debug|iPhone
		{AD40AF69-3BA8-47F2-9C43-77FEFE816396}.Debug|iPhone.Build.0 = Debug|iPhone
		{AD40AF69-3BA8-47F2-9C43-77FEFE816396}.Debug|iPhone.Deploy.0 = Debug|iPhone
		{AD40AF69-3BA8-47F2-9C43-77FEFE816396}.Debug|iPhoneSimulator.ActiveCfg = Debug|iPhoneSimulator
		{AD40AF69-3BA8-47F2-9C43-77FEFE816396}.Debug|iPhoneSimulator.Build.0 = Debug|iPhoneSimulator
		{AD40AF69-3BA8-47F2-9C43-77FEFE816396}.Debug|iPhoneSimulator.Deploy.0 = Debug|iPhoneSimulator
		{AD40AF69-3BA8-47F2-9C43-77FEFE816396}.Debug|x64.ActiveCfg = Debug|iPhone
		{AD40AF69-3BA8-47F2-9C43-77FEFE816396}.Debug|x64.Build.0 = Debug|iPhone
		{AD40AF69-3BA8-47F2-9C43-77FEFE816396}.Debug|x64.Deploy.0 = Debug|iPhone
		{AD40AF69-3BA8-47F2-9C43-77FEFE816396}.Debug|x86.ActiveCfg = Debug|iPhone
		{AD40AF69-3BA8-47F2-9C43-77FEFE816396}.Debug|x86.Build.0 = Debug|iPhone
		{AD40AF69-3BA8-47F2-9C43-77FEFE816396}.Debug|x86.Deploy.0 = Debug|iPhone
		{AD40AF69-3BA8-47F2-9C43-77FEFE816396}.Release|Any CPU.ActiveCfg = Release|iPhone
		{AD40AF69-3BA8-47F2-9C43-77FEFE816396}.Release|Any CPU.Build.0 = Release|iPhone
		{AD40AF69-3BA8-47F2-9C43-77FEFE816396}.Release|Any CPU.Deploy.0 = Release|iPhone
		{AD40AF69-3BA8-47F2-9C43-77FEFE816396}.Release|ARM.ActiveCfg = Release|iPhone
		{AD40AF69-3BA8-47F2-9C43-77FEFE816396}.Release|ARM.Build.0 = Release|iPhone
		{AD40AF69-3BA8-47F2-9C43-77FEFE816396}.Release|ARM.Deploy.0 = Release|iPhone
		{AD40AF69-3BA8-47F2-9C43-77FEFE816396}.Release|iPhone.ActiveCfg = Release|iPhone
		{AD40AF69-3BA8-47F2-9C43-77FEFE816396}.Release|iPhone.Build.0 = Release|iPhone
		{AD40AF69-3BA8-47F2-9C43-77FEFE816396}.Release|iPhone.Deploy.0 = Release|iPhone
		{AD40AF69-3BA8-47F2-9C43-77FEFE816396}.Release|iPhoneSimulator.ActiveCfg = Release|iPhoneSimulator
		{AD40AF69-3BA8-47F2-9C43-77FEFE816396}.Release|iPhoneSimulator.Build.0 = Release|iPhoneSimulator
		{AD40AF69-3BA8-47F2-9C43-77FEFE816396}.Release|iPhoneSimulator.Deploy.0 = Release|iPhoneSimulator
		{AD40AF69-3BA8-47F2-9C43-77FEFE816396}.Release|x64.ActiveCfg = Release|iPhone
		{AD40AF69-3BA8-47F2-9C43-77FEFE816396}.Release|x64.Build.0 = Release|iPhone
		{AD40AF69-3BA8-47F2-9C43-77FEFE816396}.Release|x64.Deploy.0 = Release|iPhone
		{AD40AF69-3BA8-47F2-9C43-77FEFE816396}.Release|x86.ActiveCfg = Release|iPhone
		{AD40AF69-3BA8-47F2-9C43-77FEFE816396}.Release|x86.Build.0 = Release|iPhone
		{AD40AF69-3BA8-47F2-9C43-77FEFE816396}.Release|x86.Deploy.0 = Release|iPhone
		{3299D439-AAB6-4EB2-89B7-84670786C31A}.Ad-Hoc|Any CPU.ActiveCfg = Release|x86
		{3299D439-AAB6-4EB2-89B7-84670786C31A}.Ad-Hoc|Any CPU.Build.0 = Release|x86
		{3299D439-AAB6-4EB2-89B7-84670786C31A}.Ad-Hoc|Any CPU.Deploy.0 = Release|x86
		{3299D439-AAB6-4EB2-89B7-84670786C31A}.Ad-Hoc|ARM.ActiveCfg = Release|ARM
		{3299D439-AAB6-4EB2-89B7-84670786C31A}.Ad-Hoc|ARM.Build.0 = Release|ARM
		{3299D439-AAB6-4EB2-89B7-84670786C31A}.Ad-Hoc|ARM.Deploy.0 = Release|ARM
		{3299D439-AAB6-4EB2-89B7-84670786C31A}.Ad-Hoc|iPhone.ActiveCfg = Release|x86
		{3299D439-AAB6-4EB2-89B7-84670786C31A}.Ad-Hoc|iPhone.Build.0 = Release|x86
		{3299D439-AAB6-4EB2-89B7-84670786C31A}.Ad-Hoc|iPhone.Deploy.0 = Release|x86
		{3299D439-AAB6-4EB2-89B7-84670786C31A}.Ad-Hoc|iPhoneSimulator.ActiveCfg = Release|x86
		{3299D439-AAB6-4EB2-89B7-84670786C31A}.Ad-Hoc|iPhoneSimulator.Build.0 = Release|x86
		{3299D439-AAB6-4EB2-89B7-84670786C31A}.Ad-Hoc|iPhoneSimulator.Deploy.0 = Release|x86
		{3299D439-AAB6-4EB2-89B7-84670786C31A}.Ad-Hoc|x64.ActiveCfg = Release|x64
		{3299D439-AAB6-4EB2-89B7-84670786C31A}.Ad-Hoc|x64.Build.0 = Release|x64
		{3299D439-AAB6-4EB2-89B7-84670786C31A}.Ad-Hoc|x64.Deploy.0 = Release|x64
		{3299D439-AAB6-4EB2-89B7-84670786C31A}.Ad-Hoc|x86.ActiveCfg = Release|x86
		{3299D439-AAB6-4EB2-89B7-84670786C31A}.Ad-Hoc|x86.Build.0 = Release|x86
		{3299D439-AAB6-4EB2-89B7-84670786C31A}.Ad-Hoc|x86.Deploy.0 = Release|x86
		{3299D439-AAB6-4EB2-89B7-84670786C31A}.AppStore|Any CPU.ActiveCfg = Release|x86
		{3299D439-AAB6-4EB2-89B7-84670786C31A}.AppStore|Any CPU.Build.0 = Release|x86
		{3299D439-AAB6-4EB2-89B7-84670786C31A}.AppStore|Any CPU.Deploy.0 = Release|x86
		{3299D439-AAB6-4EB2-89B7-84670786C31A}.AppStore|ARM.ActiveCfg = Release|ARM
		{3299D439-AAB6-4EB2-89B7-84670786C31A}.AppStore|ARM.Build.0 = Release|ARM
		{3299D439-AAB6-4EB2-89B7-84670786C31A}.AppStore|ARM.Deploy.0 = Release|ARM
		{3299D439-AAB6-4EB2-89B7-84670786C31A}.AppStore|iPhone.ActiveCfg = Release|x86
		{3299D439-AAB6-4EB2-89B7-84670786C31A}.AppStore|iPhone.Build.0 = Release|x86
		{3299D439-AAB6-4EB2-89B7-84670786C31A}.AppStore|iPhone.Deploy.0 = Release|x86
		{3299D439-AAB6-4EB2-89B7-84670786C31A}.AppStore|iPhoneSimulator.ActiveCfg = Release|x86
		{3299D439-AAB6-4EB2-89B7-84670786C31A}.AppStore|iPhoneSimulator.Build.0 = Release|x86
		{3299D439-AAB6-4EB2-89B7-84670786C31A}.AppStore|iPhoneSimulator.Deploy.0 = Release|x86
		{3299D439-AAB6-4EB2-89B7-84670786C31A}.AppStore|x64.ActiveCfg = Release|x64
		{3299D439-AAB6-4EB2-89B7-84670786C31A}.AppStore|x64.Build.0 = Release|x64
		{3299D439-AAB6-4EB2-89B7-84670786C31A}.AppStore|x64.Deploy.0 = Release|x64
		{3299D439-AAB6-4EB2-89B7-84670786C31A}.AppStore|x86.ActiveCfg = Release|x86
		{3299D439-AAB6-4EB2-89B7-84670786C31A}.AppStore|x86.Build.0 = Release|x86
		{3299D439-AAB6-4EB2-89B7-84670786C31A}.AppStore|x86.Deploy.0 = Release|x86
		{3299D439-AAB6-4EB2-89B7-84670786C31A}.Debug|Any CPU.ActiveCfg = Debug|x86
		{3299D439-AAB6-4EB2-89B7-84670786C31A}.Debug|Any CPU.Build.0 = Debug|x86
		{3299D439-AAB6-4EB2-89B7-84670786C31A}.Debug|Any CPU.Deploy.0 = Debug|x86
		{3299D439-AAB6-4EB2-89B7-84670786C31A}.Debug|ARM.ActiveCfg = Debug|ARM
		{3299D439-AAB6-4EB2-89B7-84670786C31A}.Debug|ARM.Build.0 = Debug|ARM
		{3299D439-AAB6-4EB2-89B7-84670786C31A}.Debug|ARM.Deploy.0 = Debug|ARM
		{3299D439-AAB6-4EB2-89B7-84670786C31A}.Debug|iPhone.ActiveCfg = Debug|x86
		{3299D439-AAB6-4EB2-89B7-84670786C31A}.Debug|iPhone.Build.0 = Debug|x86
		{3299D439-AAB6-4EB2-89B7-84670786C31A}.Debug|iPhone.Deploy.0 = Debug|x86
		{3299D439-AAB6-4EB2-89B7-84670786C31A}.Debug|iPhoneSimulator.ActiveCfg = Debug|x86
		{3299D439-AAB6-4EB2-89B7-84670786C31A}.Debug|iPhoneSimulator.Build.0 = Debug|x86
		{3299D439-AAB6-4EB2-89B7-84670786C31A}.Debug|iPhoneSimulator.Deploy.0 = Debug|x86
		{3299D439-AAB6-4EB2-89B7-84670786C31A}.Debug|x64.ActiveCfg = Debug|x64
		{3299D439-AAB6-4EB2-89B7-84670786C31A}.Debug|x64.Build.0 = Debug|x64
		{3299D439-AAB6-4EB2-89B7-84670786C31A}.Debug|x64.Deploy.0 = Debug|x64
		{3299D439-AAB6-4EB2-89B7-84670786C31A}.Debug|x86.ActiveCfg = Debug|x86
		{3299D439-AAB6-4EB2-89B7-84670786C31A}.Debug|x86.Build.0 = Debug|x86
		{3299D439-AAB6-4EB2-89B7-84670786C31A}.Debug|x86.Deploy.0 = Debug|x86
		{3299D439-AAB6-4EB2-89B7-84670786C31A}.Release|Any CPU.ActiveCfg = Release|x86
		{3299D439-AAB6-4EB2-89B7-84670786C31A}.Release|Any CPU.Build.0 = Release|x86
		{3299D439-AAB6-4EB2-89B7-84670786C31A}.Release|Any CPU.Deploy.0 = Release|x86
		{3299D439-AAB6-4EB2-89B7-84670786C31A}.Release|ARM.ActiveCfg = Release|ARM
		{3299D439-AAB6-4EB2-89B7-84670786C31A}.Release|ARM.Build.0 = Release|ARM
		{3299D439-AAB6-4EB2-89B7-84670786C31A}.Release|ARM.Deploy.0 = Release|ARM
		{3299D439-AAB6-4EB2-89B7-84670786C31A}.Release|iPhone.ActiveCfg = Release|x86
		{3299D439-AAB6-4EB2-89B7-84670786C31A}.Release|iPhone.Build.0 = Release|x86
		{3299D439-AAB6-4EB2-89B7-84670786C31A}.Release|iPhone.Deploy.0 = Release|x86
		{3299D439-AAB6-4EB2-89B7-84670786C31A}.Release|iPhoneSimulator.ActiveCfg = Release|x86
		{3299D439-AAB6-4EB2-89B7-84670786C31A}.Release|iPhoneSimulator.Build.0 = Release|x86
		{3299D439-AAB6-4EB2-89B7-84670786C31A}.Release|iPhoneSimulator.Deploy.0 = Release|x86
		{3299D439-AAB6-4EB2-89B7-84670786C31A}.Release|x64.ActiveCfg = Release|x64
		{3299D439-AAB6-4EB2-89B7-84670786C31A}.Release|x64.Build.0 = Release|x64
		{3299D439-AAB6-4EB2-89B7-84670786C31A}.Release|x64.Deploy.0 = Release|x64
		{3299D439-AAB6-4EB2-89B7-84670786C31A}.Release|x86.ActiveCfg = Release|x86
		{3299D439-AAB6-4EB2-89B7-84670786C31A}.Release|x86.Build.0 = Release|x86
		{3299D439-AAB6-4EB2-89B7-84670786C31A}.Release|x86.Deploy.0 = Release|x86
		{79855E49-3126-4FF0-9E21-93F63F1FFF5E}.Ad-Hoc|Any CPU.ActiveCfg = Debug|Any CPU
		{79855E49-3126-4FF0-9E21-93F63F1FFF5E}.Ad-Hoc|Any CPU.Build.0 = Debug|Any CPU
		{79855E49-3126-4FF0-9E21-93F63F1FFF5E}.Ad-Hoc|Any CPU.Deploy.0 = Debug|Any CPU
		{79855E49-3126-4FF0-9E21-93F63F1FFF5E}.Ad-Hoc|ARM.ActiveCfg = Debug|Any CPU
		{79855E49-3126-4FF0-9E21-93F63F1FFF5E}.Ad-Hoc|ARM.Build.0 = Debug|Any CPU
		{79855E49-3126-4FF0-9E21-93F63F1FFF5E}.Ad-Hoc|ARM.Deploy.0 = Debug|Any CPU
		{79855E49-3126-4FF0-9E21-93F63F1FFF5E}.Ad-Hoc|iPhone.ActiveCfg = Debug|Any CPU
		{79855E49-3126-4FF0-9E21-93F63F1FFF5E}.Ad-Hoc|iPhone.Build.0 = Debug|Any CPU
		{79855E49-3126-4FF0-9E21-93F63F1FFF5E}.Ad-Hoc|iPhone.Deploy.0 = Debug|Any CPU
		{79855E49-3126-4FF0-9E21-93F63F1FFF5E}.Ad-Hoc|iPhoneSimulator.ActiveCfg = Debug|Any CPU
		{79855E49-3126-4FF0-9E21-93F63F1FFF5E}.Ad-Hoc|iPhoneSimulator.Build.0 = Debug|Any CPU
		{79855E49-3126-4FF0-9E21-93F63F1FFF5E}.Ad-Hoc|iPhoneSimulator.Deploy.0 = Debug|Any CPU
		{79855E49-3126-4FF0-9E21-93F63F1FFF5E}.Ad-Hoc|x64.ActiveCfg = Debug|Any CPU
		{79855E49-3126-4FF0-9E21-93F63F1FFF5E}.Ad-Hoc|x64.Build.0 = Debug|Any CPU
		{79855E49-3126-4FF0-9E21-93F63F1FFF5E}.Ad-Hoc|x64.Deploy.0 = Debug|Any CPU
		{79855E49-3126-4FF0-9E21-93F63F1FFF5E}.Ad-Hoc|x86.ActiveCfg = Debug|Any CPU
		{79855E49-3126-4FF0-9E21-93F63F1FFF5E}.Ad-Hoc|x86.Build.0 = Debug|Any CPU
		{79855E49-3126-4FF0-9E21-93F63F1FFF5E}.Ad-Hoc|x86.Deploy.0 = Debug|Any CPU
		{79855E49-3126-4FF0-9E21-93F63F1FFF5E}.AppStore|Any CPU.ActiveCfg = Debug|Any CPU
		{79855E49-3126-4FF0-9E21-93F63F1FFF5E}.AppStore|Any CPU.Build.0 = Debug|Any CPU
		{79855E49-3126-4FF0-9E21-93F63F1FFF5E}.AppStore|Any CPU.Deploy.0 = Debug|Any CPU
		{79855E49-3126-4FF0-9E21-93F63F1FFF5E}.AppStore|ARM.ActiveCfg = Debug|Any CPU
		{79855E49-3126-4FF0-9E21-93F63F1FFF5E}.AppStore|ARM.Build.0 = Debug|Any CPU
		{79855E49-3126-4FF0-9E21-93F63F1FFF5E}.AppStore|ARM.Deploy.0 = Debug|Any CPU
		{79855E49-3126-4FF0-9E21-93F63F1FFF5E}.AppStore|iPhone.ActiveCfg = Debug|Any CPU
		{79855E49-3126-4FF0-9E21-93F63F1FFF5E}.AppStore|iPhone.Build.0 = Debug|Any CPU
		{79855E49-3126-4FF0-9E21-93F63F1FFF5E}.AppStore|iPhone.Deploy.0 = Debug|Any CPU
		{79855E49-3126-4FF0-9E21-93F63F1FFF5E}.AppStore|iPhoneSimulator.ActiveCfg = Debug|Any CPU
		{79855E49-3126-4FF0-9E21-93F63F1FFF5E}.AppStore|iPhoneSimulator.Build.0 = Debug|Any CPU
		{79855E49-3126-4FF0-9E21-93F63F1FFF5E}.AppStore|iPhoneSimulator.Deploy.0 = Debug|Any CPU
		{79855E49-3126-4FF0-9E21-93F63F1FFF5E}.AppStore|x64.ActiveCfg = Debug|Any CPU
		{79855E49-3126-4FF0-9E21-93F63F1FFF5E}.AppStore|x64.Build.0 = Debug|Any CPU
		{79855E49-3126-4FF0-9E21-93F63F1FFF5E}.AppStore|x64.Deploy.0 = Debug|Any CPU
		{79855E49-3126-4FF0-9E21-93F63F1FFF5E}.AppStore|x86.ActiveCfg = Debug|Any CPU
		{79855E49-3126-4FF0-9E21-93F63F1FFF5E}.AppStore|x86.Build.0 = Debug|Any CPU
		{79855E49-3126-4FF0-9E21-93F63F1FFF5E}.AppStore|x86.Deploy.0 = Debug|Any CPU
		{79855E49-3126-4FF0-9E21-93F63F1FFF5E}.Debug|Any CPU.ActiveCfg = Debug|Any CPU
		{79855E49-3126-4FF0-9E21-93F63F1FFF5E}.Debug|Any CPU.Build.0 = Debug|Any CPU
		{79855E49-3126-4FF0-9E21-93F63F1FFF5E}.Debug|Any CPU.Deploy.0 = Debug|Any CPU
		{79855E49-3126-4FF0-9E21-93F63F1FFF5E}.Debug|ARM.ActiveCfg = Debug|Any CPU
		{79855E49-3126-4FF0-9E21-93F63F1FFF5E}.Debug|ARM.Build.0 = Debug|Any CPU
		{79855E49-3126-4FF0-9E21-93F63F1FFF5E}.Debug|ARM.Deploy.0 = Debug|Any CPU
		{79855E49-3126-4FF0-9E21-93F63F1FFF5E}.Debug|iPhone.ActiveCfg = Debug|Any CPU
		{79855E49-3126-4FF0-9E21-93F63F1FFF5E}.Debug|iPhone.Build.0 = Debug|Any CPU
		{79855E49-3126-4FF0-9E21-93F63F1FFF5E}.Debug|iPhone.Deploy.0 = Debug|Any CPU
		{79855E49-3126-4FF0-9E21-93F63F1FFF5E}.Debug|iPhoneSimulator.ActiveCfg = Debug|Any CPU
		{79855E49-3126-4FF0-9E21-93F63F1FFF5E}.Debug|iPhoneSimulator.Build.0 = Debug|Any CPU
		{79855E49-3126-4FF0-9E21-93F63F1FFF5E}.Debug|iPhoneSimulator.Deploy.0 = Debug|Any CPU
		{79855E49-3126-4FF0-9E21-93F63F1FFF5E}.Debug|x64.ActiveCfg = Debug|Any CPU
		{79855E49-3126-4FF0-9E21-93F63F1FFF5E}.Debug|x64.Build.0 = Debug|Any CPU
		{79855E49-3126-4FF0-9E21-93F63F1FFF5E}.Debug|x64.Deploy.0 = Debug|Any CPU
		{79855E49-3126-4FF0-9E21-93F63F1FFF5E}.Debug|x86.ActiveCfg = Debug|Any CPU
		{79855E49-3126-4FF0-9E21-93F63F1FFF5E}.Debug|x86.Build.0 = Debug|Any CPU
		{79855E49-3126-4FF0-9E21-93F63F1FFF5E}.Debug|x86.Deploy.0 = Debug|Any CPU
		{79855E49-3126-4FF0-9E21-93F63F1FFF5E}.Release|Any CPU.ActiveCfg = Release|Any CPU
		{79855E49-3126-4FF0-9E21-93F63F1FFF5E}.Release|Any CPU.Build.0 = Release|Any CPU
		{79855E49-3126-4FF0-9E21-93F63F1FFF5E}.Release|Any CPU.Deploy.0 = Release|Any CPU
		{79855E49-3126-4FF0-9E21-93F63F1FFF5E}.Release|ARM.ActiveCfg = Release|Any CPU
		{79855E49-3126-4FF0-9E21-93F63F1FFF5E}.Release|ARM.Build.0 = Release|Any CPU
		{79855E49-3126-4FF0-9E21-93F63F1FFF5E}.Release|ARM.Deploy.0 = Release|Any CPU
		{79855E49-3126-4FF0-9E21-93F63F1FFF5E}.Release|iPhone.ActiveCfg = Release|Any CPU
		{79855E49-3126-4FF0-9E21-93F63F1FFF5E}.Release|iPhone.Build.0 = Release|Any CPU
		{79855E49-3126-4FF0-9E21-93F63F1FFF5E}.Release|iPhone.Deploy.0 = Release|Any CPU
		{79855E49-3126-4FF0-9E21-93F63F1FFF5E}.Release|iPhoneSimulator.ActiveCfg = Release|Any CPU
		{79855E49-3126-4FF0-9E21-93F63F1FFF5E}.Release|iPhoneSimulator.Build.0 = Release|Any CPU
		{79855E49-3126-4FF0-9E21-93F63F1FFF5E}.Release|iPhoneSimulator.Deploy.0 = Release|Any CPU
		{79855E49-3126-4FF0-9E21-93F63F1FFF5E}.Release|x64.ActiveCfg = Release|Any CPU
		{79855E49-3126-4FF0-9E21-93F63F1FFF5E}.Release|x64.Build.0 = Release|Any CPU
		{79855E49-3126-4FF0-9E21-93F63F1FFF5E}.Release|x64.Deploy.0 = Release|Any CPU
		{79855E49-3126-4FF0-9E21-93F63F1FFF5E}.Release|x86.ActiveCfg = Release|Any CPU
		{79855E49-3126-4FF0-9E21-93F63F1FFF5E}.Release|x86.Build.0 = Release|Any CPU
		{79855E49-3126-4FF0-9E21-93F63F1FFF5E}.Release|x86.Deploy.0 = Release|Any CPU
	EndGlobalSection
	GlobalSection(SolutionProperties) = preSolution
		HideSolutionNode = FALSE
	EndGlobalSection
	GlobalSection(ExtensibilityGlobals) = postSolution
		SolutionGuid = {C7BA95BF-0D0B-4059-88A9-4161007F3F22}
	EndGlobalSection
EndGlobal
